
Microsoft Visual Studio Solution File, Format Version 12.00
# Visual Studio Version 17
VisualStudioVersion = 17.7.34221.43
MinimumVisualStudioVersion = 10.0.40219.1
Project("{FAE04EC0-301F-11D3-BF4B-00C04F79EFBC}") = "ConsoleApp10", "ConsoleApp10\ConsoleApp10.csproj", "{F1D5540F-1F6B-4805-9EC3-B6C9B5B764BA}"
EndProject
Global
	GlobalSection(SolutionConfigurationPlatforms) = preSolution
		Debug|Any CPU = Debug|Any CPU
		Release|Any CPU = Release|Any CPU
	EndGlobalSection
	GlobalSection(ProjectConfigurationPlatforms) = postSolution
		{F1D5540F-1F6B-4805-9EC3-B6C9B5B764BA}.Debug|Any CPU.ActiveCfg = Debug|Any CPU
		{F1D5540F-1F6B-4805-9EC3-B6C9B5B764BA}.Debug|Any CPU.Build.0 = Debug|Any CPU
		{F1D5540F-1F6B-4805-9EC3-B6C9B5B764BA}.Release|Any CPU.ActiveCfg = Release|Any CPU
		{F1D5540F-1F6B-4805-9EC3-B6C9B5B764BA}.Release|Any CPU.Build.0 = Release|Any CPU
	EndGlobalSection
	GlobalSection(SolutionProperties) = preSolution
		HideSolutionNode = FALSE
	EndGlobalSection
	GlobalSection(ExtensibilityGlobals) = postSolution
		SolutionGuid = {8E036F91-E4F5-4BA0-8793-0832E168F666}
	EndGlobalSection
EndGlobal
